<?xml version="1.0" encoding="utf-8"?>
<Project ToolsVersion="4.0" xmlns="http://schemas.microsoft.com/developer/msbuild/2003">
  <ItemGroup>
    <Filter Include="Saffran">
      <UniqueIdentifier>{E65895E2-5238-147E-5B50-9F54C7AE7ADF}</UniqueIdentifier>
    </Filter>
    <Filter Include="Saffran\Events">
      <UniqueIdentifier>{0A46BD38-F613-B13E-DFA7-2165CB148DA3}</UniqueIdentifier>
    </Filter>
  </ItemGroup>
  <ItemGroup>
    <ClInclude Include="src\Saffran.h" />
    <ClInclude Include="src\Saffran\Application.h">
      <Filter>Saffran</Filter>
    </ClInclude>
    <ClInclude Include="src\Saffran\Core.h">
      <Filter>Saffran</Filter>
    </ClInclude>
    <ClInclude Include="src\Saffran\EntryPoint.h">
      <Filter>Saffran</Filter>
    </ClInclude>
    <ClInclude Include="src\Saffran\Events\ApplicationEvent.h">
      <Filter>Saffran\Events</Filter>
    </ClInclude>
    <ClInclude Include="src\Saffran\Events\Event.h">
      <Filter>Saffran\Events</Filter>
    </ClInclude>
    <ClInclude Include="src\Saffran\Events\KeyEvent.h">
      <Filter>Saffran\Events</Filter>
    </ClInclude>
    <ClInclude Include="src\Saffran\Events\MouseEvent.h">
      <Filter>Saffran\Events</Filter>
    </ClInclude>
    <ClInclude Include="src\Saffran\Log.h">
      <Filter>Saffran</Filter>
    </ClInclude>
    <ClInclude Include="src\sfpch.h" />
  </ItemGroup>
  <ItemGroup>
    <ClCompile Include="src\Saffran\Application.cpp">
      <Filter>Saffran</Filter>
    </ClCompile>
    <ClCompile Include="src\Saffran\Log.cpp">
      <Filter>Saffran</Filter>
    </ClCompile>
    <ClCompile Include="src\sfpch.cpp" />
  </ItemGroup>
</Project>